
Microsoft Visual Studio Solution File, Format Version 12.00
# Visual Studio Version 16
VisualStudioVersion = 16.0.30907.101
MinimumVisualStudioVersion = 10.0.40219.1
Project("{9A19103F-16F7-4668-BE54-9A1E7A4F7556}") = "Illie.Ecommerce", "Illie.Ecommerce\Illie.Ecommerce.csproj", "{49C67625-37D8-450D-BFFF-908050B2035F}"
EndProject
Project("{FAE04EC0-301F-11D3-BF4B-00C04F79EFBC}") = "Illie.Ecommerce.Core", "Illie.Ecommerce.Core\Illie.Ecommerce.Core.csproj", "{E65A8F0D-9AB0-4D66-821A-D21B70104814}"
EndProject
Project("{FAE04EC0-301F-11D3-BF4B-00C04F79EFBC}") = "Illie.Ecommerce.Infrastructure", "Illie.Ecommerce.Infrustructure\Illie.Ecommerce.Infrastructure.csproj", "{F2CD37D2-761F-41AA-B79F-B2D17A68700D}"
EndProject
Global
	GlobalSection(SolutionConfigurationPlatforms) = preSolution
		Debug|Any CPU = Debug|Any CPU
		Release|Any CPU = Release|Any CPU
	EndGlobalSection
	GlobalSection(ProjectConfigurationPlatforms) = postSolution
		{49C67625-37D8-450D-BFFF-908050B2035F}.Debug|Any CPU.ActiveCfg = Debug|Any CPU
		{49C67625-37D8-450D-BFFF-908050B2035F}.Debug|Any CPU.Build.0 = Debug|Any CPU
		{49C67625-37D8-450D-BFFF-908050B2035F}.Release|Any CPU.ActiveCfg = Release|Any CPU
		{49C67625-37D8-450D-BFFF-908050B2035F}.Release|Any CPU.Build.0 = Release|Any CPU
		{E65A8F0D-9AB0-4D66-821A-D21B70104814}.Debug|Any CPU.ActiveCfg = Debug|Any CPU
		{E65A8F0D-9AB0-4D66-821A-D21B70104814}.Debug|Any CPU.Build.0 = Debug|Any CPU
		{E65A8F0D-9AB0-4D66-821A-D21B70104814}.Release|Any CPU.ActiveCfg = Release|Any CPU
		{E65A8F0D-9AB0-4D66-821A-D21B70104814}.Release|Any CPU.Build.0 = Release|Any CPU
		{F2CD37D2-761F-41AA-B79F-B2D17A68700D}.Debug|Any CPU.ActiveCfg = Debug|Any CPU
		{F2CD37D2-761F-41AA-B79F-B2D17A68700D}.Debug|Any CPU.Build.0 = Debug|Any CPU
		{F2CD37D2-761F-41AA-B79F-B2D17A68700D}.Release|Any CPU.ActiveCfg = Release|Any CPU
		{F2CD37D2-761F-41AA-B79F-B2D17A68700D}.Release|Any CPU.Build.0 = Release|Any CPU
	EndGlobalSection
	GlobalSection(SolutionProperties) = preSolution
		HideSolutionNode = FALSE
	EndGlobalSection
	GlobalSection(ExtensibilityGlobals) = postSolution
		SolutionGuid = {050A85CE-A00F-4109-BC02-BDF4CC8D7479}
	EndGlobalSection
EndGlobal
